
Microsoft Visual Studio Solution File, Format Version 12.00
# Visual Studio Version 17
VisualStudioVersion = 17.5.002.0
MinimumVisualStudioVersion = 10.0.40219.1
Project("{9A19103F-16F7-4668-BE54-9A1E7A4F7556}") = "ServicioDeFacturacion", "ServicioDeFacturacion\ServicioDeFacturacion.csproj", "{2C2FEBB1-5FC8-4604-842C-3B98DF6E3D7D}"
EndProject
Global
	GlobalSection(SolutionConfigurationPlatforms) = preSolution
		Debug|Any CPU = Debug|Any CPU
		Release|Any CPU = Release|Any CPU
	EndGlobalSection
	GlobalSection(ProjectConfigurationPlatforms) = postSolution
		{2C2FEBB1-5FC8-4604-842C-3B98DF6E3D7D}.Debug|Any CPU.ActiveCfg = Debug|Any CPU
		{2C2FEBB1-5FC8-4604-842C-3B98DF6E3D7D}.Debug|Any CPU.Build.0 = Debug|Any CPU
		{2C2FEBB1-5FC8-4604-842C-3B98DF6E3D7D}.Release|Any CPU.ActiveCfg = Release|Any CPU
		{2C2FEBB1-5FC8-4604-842C-3B98DF6E3D7D}.Release|Any CPU.Build.0 = Release|Any CPU
	EndGlobalSection
	GlobalSection(SolutionProperties) = preSolution
		HideSolutionNode = FALSE
	EndGlobalSection
	GlobalSection(ExtensibilityGlobals) = postSolution
		SolutionGuid = {9B423E17-0BC8-4D9E-9A84-0B01FB22BC3E}
	EndGlobalSection
EndGlobal
